
Microsoft Visual Studio Solution File, Format Version 12.00
# Visual Studio Version 16
VisualStudioVersion = 16.0.31702.278
MinimumVisualStudioVersion = 10.0.40219.1
Project("{FAE04EC0-301F-11D3-BF4B-00C04F79EFBC}") = "RevitApiIZ", "RevitApiIZ\RevitApiIZ.csproj", "{CE4336D6-A699-445F-B7D5-94D29A803931}"
EndProject
Global
	GlobalSection(SolutionConfigurationPlatforms) = preSolution
		Debug|Any CPU = Debug|Any CPU
		Release|Any CPU = Release|Any CPU
	EndGlobalSection
	GlobalSection(ProjectConfigurationPlatforms) = postSolution
		{CE4336D6-A699-445F-B7D5-94D29A803931}.Debug|Any CPU.ActiveCfg = Debug|Any CPU
		{CE4336D6-A699-445F-B7D5-94D29A803931}.Debug|Any CPU.Build.0 = Debug|Any CPU
		{CE4336D6-A699-445F-B7D5-94D29A803931}.Release|Any CPU.ActiveCfg = Release|Any CPU
		{CE4336D6-A699-445F-B7D5-94D29A803931}.Release|Any CPU.Build.0 = Release|Any CPU
	EndGlobalSection
	GlobalSection(SolutionProperties) = preSolution
		HideSolutionNode = FALSE
	EndGlobalSection
	GlobalSection(ExtensibilityGlobals) = postSolution
		SolutionGuid = {F819EC55-A55F-4723-830D-142DED28C161}
	EndGlobalSection
EndGlobal
